
Microsoft Visual Studio Solution File, Format Version 12.00
# Visual Studio Version 16
VisualStudioVersion = 16.0.30204.135
MinimumVisualStudioVersion = 10.0.40219.1
Project("{FAE04EC0-301F-11D3-BF4B-00C04F79EFBC}") = "BonusMvcStok", "BonusMvcStok\BonusMvcStok.csproj", "{4CE2F8B3-FE75-4349-A212-8C20743986F5}"
EndProject
Global
	GlobalSection(SolutionConfigurationPlatforms) = preSolution
		Debug|Any CPU = Debug|Any CPU
		Release|Any CPU = Release|Any CPU
	EndGlobalSection
	GlobalSection(ProjectConfigurationPlatforms) = postSolution
		{4CE2F8B3-FE75-4349-A212-8C20743986F5}.Debug|Any CPU.ActiveCfg = Debug|Any CPU
		{4CE2F8B3-FE75-4349-A212-8C20743986F5}.Debug|Any CPU.Build.0 = Debug|Any CPU
		{4CE2F8B3-FE75-4349-A212-8C20743986F5}.Release|Any CPU.ActiveCfg = Release|Any CPU
		{4CE2F8B3-FE75-4349-A212-8C20743986F5}.Release|Any CPU.Build.0 = Release|Any CPU
	EndGlobalSection
	GlobalSection(SolutionProperties) = preSolution
		HideSolutionNode = FALSE
	EndGlobalSection
	GlobalSection(ExtensibilityGlobals) = postSolution
		SolutionGuid = {CB3206BB-B728-4437-B271-1E21D197C5FB}
	EndGlobalSection
EndGlobal
